
Microsoft Visual Studio Solution File, Format Version 12.00
# Visual Studio Version 17
VisualStudioVersion = 17.0.31919.166
MinimumVisualStudioVersion = 10.0.40219.1
Project("{8BC9CEB8-8B4A-11D0-8D11-00A0C91BC942}") = "WinRTExplorerCommand", "WinRTExplorerCommand\WinRTExplorerCommand.vcxproj", "{ACEA3F6F-27CF-44EA-9E21-E7C226D54BA0}"
EndProject
Project("{8BC9CEB8-8B4A-11D0-8D11-00A0C91BC942}") = "CommandFactory", "CommandFactory\CommandFactory.vcxproj", "{F0574560-7EE2-4C2E-B44B-480A5865F941}"
EndProject
Project("{C7167F0D-BC9F-4E6E-AFE1-012C56B48DB5}") = "Package", "Package\Package.wapproj", "{46E56EED-11B5-46BB-9072-CBDCA7EB1B6A}"
EndProject
Global
	GlobalSection(SolutionConfigurationPlatforms) = preSolution
		Debug|Any CPU = Debug|Any CPU
		Debug|ARM = Debug|ARM
		Debug|ARM64 = Debug|ARM64
		Debug|x64 = Debug|x64
		Debug|x86 = Debug|x86
		Release|Any CPU = Release|Any CPU
		Release|ARM = Release|ARM
		Release|ARM64 = Release|ARM64
		Release|x64 = Release|x64
		Release|x86 = Release|x86
	EndGlobalSection
	GlobalSection(ProjectConfigurationPlatforms) = postSolution
		{ACEA3F6F-27CF-44EA-9E21-E7C226D54BA0}.Debug|Any CPU.ActiveCfg = Debug|x64
		{ACEA3F6F-27CF-44EA-9E21-E7C226D54BA0}.Debug|Any CPU.Build.0 = Debug|x64
		{ACEA3F6F-27CF-44EA-9E21-E7C226D54BA0}.Debug|Any CPU.Deploy.0 = Debug|x64
		{ACEA3F6F-27CF-44EA-9E21-E7C226D54BA0}.Debug|ARM.ActiveCfg = Debug|ARM
		{ACEA3F6F-27CF-44EA-9E21-E7C226D54BA0}.Debug|ARM.Build.0 = Debug|ARM
		{ACEA3F6F-27CF-44EA-9E21-E7C226D54BA0}.Debug|ARM.Deploy.0 = Debug|ARM
		{ACEA3F6F-27CF-44EA-9E21-E7C226D54BA0}.Debug|ARM64.ActiveCfg = Debug|ARM64
		{ACEA3F6F-27CF-44EA-9E21-E7C226D54BA0}.Debug|ARM64.Build.0 = Debug|ARM64
		{ACEA3F6F-27CF-44EA-9E21-E7C226D54BA0}.Debug|ARM64.Deploy.0 = Debug|ARM64
		{ACEA3F6F-27CF-44EA-9E21-E7C226D54BA0}.Debug|x64.ActiveCfg = Debug|x64
		{ACEA3F6F-27CF-44EA-9E21-E7C226D54BA0}.Debug|x64.Build.0 = Debug|x64
		{ACEA3F6F-27CF-44EA-9E21-E7C226D54BA0}.Debug|x64.Deploy.0 = Debug|x64
		{ACEA3F6F-27CF-44EA-9E21-E7C226D54BA0}.Debug|x86.ActiveCfg = Debug|Win32
		{ACEA3F6F-27CF-44EA-9E21-E7C226D54BA0}.Debug|x86.Build.0 = Debug|Win32
		{ACEA3F6F-27CF-44EA-9E21-E7C226D54BA0}.Debug|x86.Deploy.0 = Debug|Win32
		{ACEA3F6F-27CF-44EA-9E21-E7C226D54BA0}.Release|Any CPU.ActiveCfg = Release|x64
		{ACEA3F6F-27CF-44EA-9E21-E7C226D54BA0}.Release|Any CPU.Build.0 = Release|x64
		{ACEA3F6F-27CF-44EA-9E21-E7C226D54BA0}.Release|Any CPU.Deploy.0 = Release|x64
		{ACEA3F6F-27CF-44EA-9E21-E7C226D54BA0}.Release|ARM.ActiveCfg = Release|ARM
		{ACEA3F6F-27CF-44EA-9E21-E7C226D54BA0}.Release|ARM.Build.0 = Release|ARM
		{ACEA3F6F-27CF-44EA-9E21-E7C226D54BA0}.Release|ARM.Deploy.0 = Release|ARM
		{ACEA3F6F-27CF-44EA-9E21-E7C226D54BA0}.Release|ARM64.ActiveCfg = Release|ARM64
		{ACEA3F6F-27CF-44EA-9E21-E7C226D54BA0}.Release|ARM64.Build.0 = Release|ARM64
		{ACEA3F6F-27CF-44EA-9E21-E7C226D54BA0}.Release|ARM64.Deploy.0 = Release|ARM64
		{ACEA3F6F-27CF-44EA-9E21-E7C226D54BA0}.Release|x64.ActiveCfg = Release|x64
		{ACEA3F6F-27CF-44EA-9E21-E7C226D54BA0}.Release|x64.Build.0 = Release|x64
		{ACEA3F6F-27CF-44EA-9E21-E7C226D54BA0}.Release|x64.Deploy.0 = Release|x64
		{ACEA3F6F-27CF-44EA-9E21-E7C226D54BA0}.Release|x86.ActiveCfg = Release|Win32
		{ACEA3F6F-27CF-44EA-9E21-E7C226D54BA0}.Release|x86.Build.0 = Release|Win32
		{ACEA3F6F-27CF-44EA-9E21-E7C226D54BA0}.Release|x86.Deploy.0 = Release|Win32
		{F0574560-7EE2-4C2E-B44B-480A5865F941}.Debug|Any CPU.ActiveCfg = Debug|x64
		{F0574560-7EE2-4C2E-B44B-480A5865F941}.Debug|Any CPU.Build.0 = Debug|x64
		{F0574560-7EE2-4C2E-B44B-480A5865F941}.Debug|ARM.ActiveCfg = Debug|x64
		{F0574560-7EE2-4C2E-B44B-480A5865F941}.Debug|ARM.Build.0 = Debug|x64
		{F0574560-7EE2-4C2E-B44B-480A5865F941}.Debug|ARM64.ActiveCfg = Debug|x64
		{F0574560-7EE2-4C2E-B44B-480A5865F941}.Debug|ARM64.Build.0 = Debug|x64
		{F0574560-7EE2-4C2E-B44B-480A5865F941}.Debug|x64.ActiveCfg = Debug|x64
		{F0574560-7EE2-4C2E-B44B-480A5865F941}.Debug|x64.Build.0 = Debug|x64
		{F0574560-7EE2-4C2E-B44B-480A5865F941}.Debug|x86.ActiveCfg = Debug|Win32
		{F0574560-7EE2-4C2E-B44B-480A5865F941}.Debug|x86.Build.0 = Debug|Win32
		{F0574560-7EE2-4C2E-B44B-480A5865F941}.Release|Any CPU.ActiveCfg = Release|x64
		{F0574560-7EE2-4C2E-B44B-480A5865F941}.Release|Any CPU.Build.0 = Release|x64
		{F0574560-7EE2-4C2E-B44B-480A5865F941}.Release|ARM.ActiveCfg = Release|x64
		{F0574560-7EE2-4C2E-B44B-480A5865F941}.Release|ARM.Build.0 = Release|x64
		{F0574560-7EE2-4C2E-B44B-480A5865F941}.Release|ARM64.ActiveCfg = Release|x64
		{F0574560-7EE2-4C2E-B44B-480A5865F941}.Release|ARM64.Build.0 = Release|x64
		{F0574560-7EE2-4C2E-B44B-480A5865F941}.Release|x64.ActiveCfg = Release|x64
		{F0574560-7EE2-4C2E-B44B-480A5865F941}.Release|x64.Build.0 = Release|x64
		{F0574560-7EE2-4C2E-B44B-480A5865F941}.Release|x86.ActiveCfg = Release|Win32
		{F0574560-7EE2-4C2E-B44B-480A5865F941}.Release|x86.Build.0 = Release|Win32
		{46E56EED-11B5-46BB-9072-CBDCA7EB1B6A}.Debug|Any CPU.ActiveCfg = Debug|Any CPU
		{46E56EED-11B5-46BB-9072-CBDCA7EB1B6A}.Debug|Any CPU.Build.0 = Debug|Any CPU
		{46E56EED-11B5-46BB-9072-CBDCA7EB1B6A}.Debug|Any CPU.Deploy.0 = Debug|Any CPU
		{46E56EED-11B5-46BB-9072-CBDCA7EB1B6A}.Debug|ARM.ActiveCfg = Debug|ARM
		{46E56EED-11B5-46BB-9072-CBDCA7EB1B6A}.Debug|ARM.Build.0 = Debug|ARM
		{46E56EED-11B5-46BB-9072-CBDCA7EB1B6A}.Debug|ARM.Deploy.0 = Debug|ARM
		{46E56EED-11B5-46BB-9072-CBDCA7EB1B6A}.Debug|ARM64.ActiveCfg = Debug|ARM64
		{46E56EED-11B5-46BB-9072-CBDCA7EB1B6A}.Debug|ARM64.Build.0 = Debug|ARM64
		{46E56EED-11B5-46BB-9072-CBDCA7EB1B6A}.Debug|ARM64.Deploy.0 = Debug|ARM64
		{46E56EED-11B5-46BB-9072-CBDCA7EB1B6A}.Debug|x64.ActiveCfg = Debug|x64
		{46E56EED-11B5-46BB-9072-CBDCA7EB1B6A}.Debug|x64.Build.0 = Debug|x64
		{46E56EED-11B5-46BB-9072-CBDCA7EB1B6A}.Debug|x64.Deploy.0 = Debug|x64
		{46E56EED-11B5-46BB-9072-CBDCA7EB1B6A}.Debug|x86.ActiveCfg = Debug|x86
		{46E56EED-11B5-46BB-9072-CBDCA7EB1B6A}.Debug|x86.Build.0 = Debug|x86
		{46E56EED-11B5-46BB-9072-CBDCA7EB1B6A}.Debug|x86.Deploy.0 = Debug|x86
		{46E56EED-11B5-46BB-9072-CBDCA7EB1B6A}.Release|Any CPU.ActiveCfg = Release|Any CPU
		{46E56EED-11B5-46BB-9072-CBDCA7EB1B6A}.Release|Any CPU.Build.0 = Release|Any CPU
		{46E56EED-11B5-46BB-9072-CBDCA7EB1B6A}.Release|Any CPU.Deploy.0 = Release|Any CPU
		{46E56EED-11B5-46BB-9072-CBDCA7EB1B6A}.Release|ARM.ActiveCfg = Release|ARM
		{46E56EED-11B5-46BB-9072-CBDCA7EB1B6A}.Release|ARM.Build.0 = Release|ARM
		{46E56EED-11B5-46BB-9072-CBDCA7EB1B6A}.Release|ARM.Deploy.0 = Release|ARM
		{46E56EED-11B5-46BB-9072-CBDCA7EB1B6A}.Release|ARM64.ActiveCfg = Release|ARM64
		{46E56EED-11B5-46BB-9072-CBDCA7EB1B6A}.Release|ARM64.Build.0 = Release|ARM64
		{46E56EED-11B5-46BB-9072-CBDCA7EB1B6A}.Release|ARM64.Deploy.0 = Release|ARM64
		{46E56EED-11B5-46BB-9072-CBDCA7EB1B6A}.Release|x64.ActiveCfg = Release|x64
		{46E56EED-11B5-46BB-9072-CBDCA7EB1B6A}.Release|x64.Build.0 = Release|x64
		{46E56EED-11B5-46BB-9072-CBDCA7EB1B6A}.Release|x64.Deploy.0 = Release|x64
		{46E56EED-11B5-46BB-9072-CBDCA7EB1B6A}.Release|x86.ActiveCfg = Release|x86
		{46E56EED-11B5-46BB-9072-CBDCA7EB1B6A}.Release|x86.Build.0 = Release|x86
		{46E56EED-11B5-46BB-9072-CBDCA7EB1B6A}.Release|x86.Deploy.0 = Release|x86
	EndGlobalSection
	GlobalSection(SolutionProperties) = preSolution
		HideSolutionNode = FALSE
	EndGlobalSection
	GlobalSection(ExtensibilityGlobals) = postSolution
		SolutionGuid = {9EEE8A95-856E-40E4-A968-A01B0133E946}
	EndGlobalSection
EndGlobal
